{
    "name": "@iradek/sonet-appskit",
    "version": "1.0.12",
    "lockfileVersion": 2,
    "requires": true,
    "packages": {
        "": {
            "name": "@iradek/sonet-appskit",
            "version": "1.0.12",
            "license": "MIT",
            "dependencies": {
                "tslib": "^2.0.0"
            },
            "devDependencies": {
                "@angular/common": "^11.2.1",
                "@angular/core": "^11.2.1",
                "rxjs": "^6.5.3",
                "zone.js": "^0.10.2"
            },
            "peerDependencies": {
                "@angular/common": "^11.2.1",
                "@angular/core": "^11.2.1"
            }
        },
        "node_modules/@angular/common": {
            "version": "11.2.3",
            "resolved": "https://registry.npmjs.org/@angular/common/-/common-11.2.3.tgz",
            "integrity": "sha512-51gVmr942SZtAFmhVfp7/3fcTQ+Tia7UxWjv6iUtYF3oCvTWbo/J1zki2VNSfmMNKJV8MaMq6XUw8UWbHA0sgQ==",
            "dev": true,
            "dependencies": {
                "tslib": "^2.0.0"
            },
            "peerDependencies": {
                "@angular/core": "11.2.3",
                "rxjs": "^6.5.3"
            }
        },
        "node_modules/@angular/core": {
            "version": "11.2.3",
            "resolved": "https://registry.npmjs.org/@angular/core/-/core-11.2.3.tgz",
            "integrity": "sha512-+G7rZj21Mcmf6nWjQ79EwomwEOVQ1WLqw6YvCXWzgJ9ZlVjLi/Sti0/jIzUpgK0E0Fn86yuXw/vgYq5kjGeOcQ==",
            "dev": true,
            "dependencies": {
                "tslib": "^2.0.0"
            },
            "peerDependencies": {
                "rxjs": "^6.5.3",
                "zone.js": "^0.10.2 || ^0.11.3"
            }
        },
        "node_modules/rxjs": {
            "version": "6.6.6",
            "resolved": "https://registry.npmjs.org/rxjs/-/rxjs-6.6.6.tgz",
            "integrity": "sha512-/oTwee4N4iWzAMAL9xdGKjkEHmIwupR3oXbQjCKywF1BeFohswF3vZdogbmEF6pZkOsXTzWkrZszrWpQTByYVg==",
            "dev": true,
            "dependencies": {
                "tslib": "^1.9.0"
            },
            "engines": {
                "npm": ">=2.0.0"
            }
        },
        "node_modules/rxjs/node_modules/tslib": {
            "version": "1.14.1",
            "resolved": "https://registry.npmjs.org/tslib/-/tslib-1.14.1.tgz",
            "integrity": "sha512-Xni35NKzjgMrwevysHTCArtLDpPvye8zV/0E4EyYn43P7/7qvQwPh9BGkHewbMulVntbigmcT7rdX3BNo9wRJg==",
            "dev": true
        },
        "node_modules/tslib": {
            "version": "2.1.0",
            "resolved": "https://registry.npmjs.org/tslib/-/tslib-2.1.0.tgz",
            "integrity": "sha512-hcVC3wYEziELGGmEEXue7D75zbwIIVUMWAVbHItGPx0ziyXxrOMQx4rQEVEV45Ut/1IotuEvwqPopzIOkDMf0A=="
        },
        "node_modules/zone.js": {
            "version": "0.10.3",
            "resolved": "https://registry.npmjs.org/zone.js/-/zone.js-0.10.3.tgz",
            "integrity": "sha512-LXVLVEq0NNOqK/fLJo3d0kfzd4sxwn2/h67/02pjCjfKDxgx1i9QqpvtHD8CrBnSSwMw5+dy11O7FRX5mkO7Cg==",
            "dev": true
        }
    },
    "dependencies": {
        "@angular/common": {
            "version": "11.2.3",
            "resolved": "https://registry.npmjs.org/@angular/common/-/common-11.2.3.tgz",
            "integrity": "sha512-51gVmr942SZtAFmhVfp7/3fcTQ+Tia7UxWjv6iUtYF3oCvTWbo/J1zki2VNSfmMNKJV8MaMq6XUw8UWbHA0sgQ==",
            "dev": true,
            "requires": {
                "tslib": "^2.0.0"
            }
        },
        "@angular/core": {
            "version": "11.2.3",
            "resolved": "https://registry.npmjs.org/@angular/core/-/core-11.2.3.tgz",
            "integrity": "sha512-+G7rZj21Mcmf6nWjQ79EwomwEOVQ1WLqw6YvCXWzgJ9ZlVjLi/Sti0/jIzUpgK0E0Fn86yuXw/vgYq5kjGeOcQ==",
            "dev": true,
            "requires": {
                "tslib": "^2.0.0"
            }
        },
        "rxjs": {
            "version": "6.6.6",
            "resolved": "https://registry.npmjs.org/rxjs/-/rxjs-6.6.6.tgz",
            "integrity": "sha512-/oTwee4N4iWzAMAL9xdGKjkEHmIwupR3oXbQjCKywF1BeFohswF3vZdogbmEF6pZkOsXTzWkrZszrWpQTByYVg==",
            "dev": true,
            "requires": {
                "tslib": "^1.9.0"
            },
            "dependencies": {
                "tslib": {
                    "version": "1.14.1",
                    "resolved": "https://registry.npmjs.org/tslib/-/tslib-1.14.1.tgz",
                    "integrity": "sha512-Xni35NKzjgMrwevysHTCArtLDpPvye8zV/0E4EyYn43P7/7qvQwPh9BGkHewbMulVntbigmcT7rdX3BNo9wRJg==",
                    "dev": true
                }
            }
        },
        "tslib": {
            "version": "2.1.0",
            "resolved": "https://registry.npmjs.org/tslib/-/tslib-2.1.0.tgz",
            "integrity": "sha512-hcVC3wYEziELGGmEEXue7D75zbwIIVUMWAVbHItGPx0ziyXxrOMQx4rQEVEV45Ut/1IotuEvwqPopzIOkDMf0A=="
        },
        "zone.js": {
            "version": "0.10.3",
            "resolved": "https://registry.npmjs.org/zone.js/-/zone.js-0.10.3.tgz",
            "integrity": "sha512-LXVLVEq0NNOqK/fLJo3d0kfzd4sxwn2/h67/02pjCjfKDxgx1i9QqpvtHD8CrBnSSwMw5+dy11O7FRX5mkO7Cg==",
            "dev": true
        }
    }
}
